
Microsoft Visual Studio Solution File, Format Version 12.00
# Visual Studio Version 17
VisualStudioVersion = 17.12.35527.113
MinimumVisualStudioVersion = 10.0.40219.1
Project("{FAE04EC0-301F-11D3-BF4B-00C04F79EFBC}") = "TicTacToe", "TicTacToe\TicTacToe.csproj", "{B80B5790-E5AD-4B96-AE98-498E9EBE4031}"
EndProject
Project("{FAE04EC0-301F-11D3-BF4B-00C04F79EFBC}") = "tictactoeTest", "tictactoeTest\tictactoeTest.csproj", "{FB84C02C-4A90-466E-AA0D-C2CF0B7928F8}"
EndProject
Global
	GlobalSection(SolutionConfigurationPlatforms) = preSolution
		Debug|Any CPU = Debug|Any CPU
		Release|Any CPU = Release|Any CPU
	EndGlobalSection
	GlobalSection(ProjectConfigurationPlatforms) = postSolution
		{B80B5790-E5AD-4B96-AE98-498E9EBE4031}.Debug|Any CPU.ActiveCfg = Debug|Any CPU
		{B80B5790-E5AD-4B96-AE98-498E9EBE4031}.Debug|Any CPU.Build.0 = Debug|Any CPU
		{B80B5790-E5AD-4B96-AE98-498E9EBE4031}.Release|Any CPU.ActiveCfg = Release|Any CPU
		{B80B5790-E5AD-4B96-AE98-498E9EBE4031}.Release|Any CPU.Build.0 = Release|Any CPU
		{FB84C02C-4A90-466E-AA0D-C2CF0B7928F8}.Debug|Any CPU.ActiveCfg = Debug|Any CPU
		{FB84C02C-4A90-466E-AA0D-C2CF0B7928F8}.Debug|Any CPU.Build.0 = Debug|Any CPU
		{FB84C02C-4A90-466E-AA0D-C2CF0B7928F8}.Release|Any CPU.ActiveCfg = Release|Any CPU
		{FB84C02C-4A90-466E-AA0D-C2CF0B7928F8}.Release|Any CPU.Build.0 = Release|Any CPU
	EndGlobalSection
	GlobalSection(SolutionProperties) = preSolution
		HideSolutionNode = FALSE
	EndGlobalSection
EndGlobal
